
Microsoft Visual Studio Solution File, Format Version 12.00
# Visual Studio Version 17
VisualStudioVersion = 17.7.34031.279
MinimumVisualStudioVersion = 10.0.40219.1
Project("{9A19103F-16F7-4668-BE54-9A1E7A4F7556}") = "ApiGateway", "ApiGateway\ApiGateway.csproj", "{A85DF579-77D6-4841-8BB6-C7964CD88B6F}"
EndProject
Project("{9A19103F-16F7-4668-BE54-9A1E7A4F7556}") = "UserService", "UserService\UserService.csproj", "{6BE8891D-AE5C-481A-B5CC-6C54E7BC572B}"
EndProject
Project("{2150E333-8FDC-42A3-9474-1A3956D46DE8}") = "Microservices", "Microservices", "{DA125DF8-67EA-4C64-B4FD-92ED42C4970E}"
EndProject
Project("{E53339B2-1760-4266-BCC7-CA923CBCF16C}") = "docker-compose", "docker-compose.dcproj", "{4DAF09DC-5E9F-4CB1-A002-B25F4213D93E}"
EndProject
Project("{2150E333-8FDC-42A3-9474-1A3956D46DE8}") = "ApiGateway", "ApiGateway", "{25A4E818-7943-4C03-9F55-A441FC203B6E}"
EndProject
Global
	GlobalSection(SolutionConfigurationPlatforms) = preSolution
		Debug|Any CPU = Debug|Any CPU
		Release|Any CPU = Release|Any CPU
	EndGlobalSection
	GlobalSection(ProjectConfigurationPlatforms) = postSolution
		{A85DF579-77D6-4841-8BB6-C7964CD88B6F}.Debug|Any CPU.ActiveCfg = Debug|Any CPU
		{A85DF579-77D6-4841-8BB6-C7964CD88B6F}.Debug|Any CPU.Build.0 = Debug|Any CPU
		{A85DF579-77D6-4841-8BB6-C7964CD88B6F}.Release|Any CPU.ActiveCfg = Release|Any CPU
		{A85DF579-77D6-4841-8BB6-C7964CD88B6F}.Release|Any CPU.Build.0 = Release|Any CPU
		{6BE8891D-AE5C-481A-B5CC-6C54E7BC572B}.Debug|Any CPU.ActiveCfg = Debug|Any CPU
		{6BE8891D-AE5C-481A-B5CC-6C54E7BC572B}.Debug|Any CPU.Build.0 = Debug|Any CPU
		{6BE8891D-AE5C-481A-B5CC-6C54E7BC572B}.Release|Any CPU.ActiveCfg = Release|Any CPU
		{6BE8891D-AE5C-481A-B5CC-6C54E7BC572B}.Release|Any CPU.Build.0 = Release|Any CPU
		{4DAF09DC-5E9F-4CB1-A002-B25F4213D93E}.Debug|Any CPU.ActiveCfg = Debug|Any CPU
		{4DAF09DC-5E9F-4CB1-A002-B25F4213D93E}.Debug|Any CPU.Build.0 = Debug|Any CPU
		{4DAF09DC-5E9F-4CB1-A002-B25F4213D93E}.Release|Any CPU.ActiveCfg = Release|Any CPU
		{4DAF09DC-5E9F-4CB1-A002-B25F4213D93E}.Release|Any CPU.Build.0 = Release|Any CPU
	EndGlobalSection
	GlobalSection(SolutionProperties) = preSolution
		HideSolutionNode = FALSE
	EndGlobalSection
	GlobalSection(NestedProjects) = preSolution
		{A85DF579-77D6-4841-8BB6-C7964CD88B6F} = {25A4E818-7943-4C03-9F55-A441FC203B6E}
		{6BE8891D-AE5C-481A-B5CC-6C54E7BC572B} = {DA125DF8-67EA-4C64-B4FD-92ED42C4970E}
	EndGlobalSection
	GlobalSection(ExtensibilityGlobals) = postSolution
		SolutionGuid = {EFAA5C86-A662-4B91-8C32-D9F308B34B1D}
	EndGlobalSection
EndGlobal
